{
    "_meta": {
        "hash": {
            "sha256": "67be4a639dccbe9443215ca1195b78b9f55c4716cd032650d9650a48ca9a1824"
        },
        "pipfile-spec": 6,
        "requires": {
            "python_version": "3.8"
        },
        "sources": [
            {
                "name": "pypi",
                "url": "https://pypi.org/simple",
                "verify_ssl": true
            }
        ]
    },
    "default": {
        "colorama": {
            "hashes": [
                "sha256:7d73d2a99753107a36ac6b455ee49046802e59d9d076ef8e47b61499fa29afff",
                "sha256:e96da0d330793e2cb9485e9ddfd918d456036c7149416295932478192f4436a1"
            ],
            "index": "pypi",
            "version": "==0.4.3"
        },
        "opensimplex": {
            "hashes": [
                "sha256:53f12be10faecd6158b406b7af3a66f992435c3b86fca6041f5a14c7979e172b"
            ],
            "index": "pypi",
            "version": "==0.2"
        }
    },
    "develop": {}
}
